
Microsoft Visual Studio Solution File, Format Version 12.00
# Visual Studio Version 16
VisualStudioVersion = 16.0.31424.327
MinimumVisualStudioVersion = 10.0.40219.1
Project("{FAE04EC0-301F-11D3-BF4B-00C04F79EFBC}") = "2haromgyak", "2haromgyak\2haromgyak.csproj", "{50BA85EE-8045-4228-BE89-4E516E336958}"
EndProject
Global
	GlobalSection(SolutionConfigurationPlatforms) = preSolution
		Debug|Any CPU = Debug|Any CPU
		Release|Any CPU = Release|Any CPU
	EndGlobalSection
	GlobalSection(ProjectConfigurationPlatforms) = postSolution
		{50BA85EE-8045-4228-BE89-4E516E336958}.Debug|Any CPU.ActiveCfg = Debug|Any CPU
		{50BA85EE-8045-4228-BE89-4E516E336958}.Debug|Any CPU.Build.0 = Debug|Any CPU
		{50BA85EE-8045-4228-BE89-4E516E336958}.Release|Any CPU.ActiveCfg = Release|Any CPU
		{50BA85EE-8045-4228-BE89-4E516E336958}.Release|Any CPU.Build.0 = Release|Any CPU
	EndGlobalSection
	GlobalSection(SolutionProperties) = preSolution
		HideSolutionNode = FALSE
	EndGlobalSection
	GlobalSection(ExtensibilityGlobals) = postSolution
		SolutionGuid = {BA1A99FB-1825-4446-8737-F65F1FE7796E}
	EndGlobalSection
EndGlobal
